// !$*UTF8*$!
{
	archiveVersion = 1;
	classes = {
	};
	objectVersion = 50;
	objects = {

/* Begin PBXBuildFile section */
		E1CEC27022088C1F00D4905C /* Storefront.swift in Sources */ = {isa = PBXBuildFile; fileRef = E1CEC26F22088C1F00D4905C /* Storefront.swift */; };
		E1CEC27122088C1F00D4905C /* Storefront.swift in Sources */ = {isa = PBXBuildFile; fileRef = E1CEC26F22088C1F00D4905C /* Storefront.swift */; };
		E1CEC27B22088CBA00D4905C /* libStorefront.a in Frameworks */ = {isa = PBXBuildFile; fileRef = E1CEC25822088AB200D4905C /* libStorefront.a */; };
		E1CEC28A22088CEB00D4905C /* libStorefront.a in Frameworks */ = {isa = PBXBuildFile; fileRef = E1CEC26422088AFA00D4905C /* libStorefront.a */; };
		E1CEC2952208913800D4905C /* StorefrontTests.swift in Sources */ = {isa = PBXBuildFile; fileRef = E1CEC2942208913800D4905C /* StorefrontTests.swift */; };
		E1CEC2962208913800D4905C /* StorefrontTests.swift in Sources */ = {isa = PBXBuildFile; fileRef = E1CEC2942208913800D4905C /* StorefrontTests.swift */; };
		E1CEC2A22209CE1500D4905C /* Storefront+ProductRequest.swift in Sources */ = {isa = PBXBuildFile; fileRef = E1CEC29C2209CE1500D4905C /* Storefront+ProductRequest.swift */; };
		E1CEC2A32209CE1500D4905C /* Storefront+ProductRequest.swift in Sources */ = {isa = PBXBuildFile; fileRef = E1CEC29C2209CE1500D4905C /* Storefront+ProductRequest.swift */; };
		E1CEC2A42209CE1500D4905C /* Storefront+Delegates.swift in Sources */ = {isa = PBXBuildFile; fileRef = E1CEC29D2209CE1500D4905C /* Storefront+Delegates.swift */; };
		E1CEC2A52209CE1500D4905C /* Storefront+Delegates.swift in Sources */ = {isa = PBXBuildFile; fileRef = E1CEC29D2209CE1500D4905C /* Storefront+Delegates.swift */; };
		E1CEC2A62209CE1500D4905C /* Storefront+Transaction.swift in Sources */ = {isa = PBXBuildFile; fileRef = E1CEC29E2209CE1500D4905C /* Storefront+Transaction.swift */; };
		E1CEC2A72209CE1500D4905C /* Storefront+Transaction.swift in Sources */ = {isa = PBXBuildFile; fileRef = E1CEC29E2209CE1500D4905C /* Storefront+Transaction.swift */; };
		E1CEC2A82209CE1500D4905C /* Storefront+Purchase.swift in Sources */ = {isa = PBXBuildFile; fileRef = E1CEC29F2209CE1500D4905C /* Storefront+Purchase.swift */; };
		E1CEC2A92209CE1500D4905C /* Storefront+Purchase.swift in Sources */ = {isa = PBXBuildFile; fileRef = E1CEC29F2209CE1500D4905C /* Storefront+Purchase.swift */; };
		E1CEC2AA2209CE1500D4905C /* Storefront+CloudSync.swift in Sources */ = {isa = PBXBuildFile; fileRef = E1CEC2A02209CE1500D4905C /* Storefront+CloudSync.swift */; };
		E1CEC2AB2209CE1500D4905C /* Storefront+CloudSync.swift in Sources */ = {isa = PBXBuildFile; fileRef = E1CEC2A02209CE1500D4905C /* Storefront+CloudSync.swift */; };
		E1CEC2AC2209CE1500D4905C /* Storefront+Restore.swift in Sources */ = {isa = PBXBuildFile; fileRef = E1CEC2A12209CE1500D4905C /* Storefront+Restore.swift */; };
		E1CEC2AD2209CE1500D4905C /* Storefront+Restore.swift in Sources */ = {isa = PBXBuildFile; fileRef = E1CEC2A12209CE1500D4905C /* Storefront+Restore.swift */; };
		E1CEC2B02209CE4C00D4905C /* StoreKit.framework in Frameworks */ = {isa = PBXBuildFile; fileRef = E1CEC2AF2209CE4C00D4905C /* StoreKit.framework */; };
		E1CEC2B22209CE5500D4905C /* StoreKit.framework in Frameworks */ = {isa = PBXBuildFile; fileRef = E1CEC2B12209CE5500D4905C /* StoreKit.framework */; };
/* End PBXBuildFile section */

/* Begin PBXContainerItemProxy section */
		E1CEC27C22088CBA00D4905C /* PBXContainerItemProxy */ = {
			isa = PBXContainerItemProxy;
			containerPortal = E1CEC24C22088A2F00D4905C /* Project object */;
			proxyType = 1;
			remoteGlobalIDString = E1CEC25722088AB200D4905C;
			remoteInfo = "Storefront iOS";
		};
		E1CEC28B22088CEB00D4905C /* PBXContainerItemProxy */ = {
			isa = PBXContainerItemProxy;
			containerPortal = E1CEC24C22088A2F00D4905C /* Project object */;
			proxyType = 1;
			remoteGlobalIDString = E1CEC26322088AFA00D4905C;
			remoteInfo = "Storefront macOS";
		};
/* End PBXContainerItemProxy section */

/* Begin PBXCopyFilesBuildPhase section */
		E1CEC25622088AB200D4905C /* CopyFiles */ = {
			isa = PBXCopyFilesBuildPhase;
			buildActionMask = 2147483647;
			dstPath = "include/$(PRODUCT_NAME)";
			dstSubfolderSpec = 16;
			files = (
			);
			runOnlyForDeploymentPostprocessing = 0;
		};
/* End PBXCopyFilesBuildPhase section */

/* Begin PBXFileReference section */
		E1CEC25222088A7A00D4905C /* README.md */ = {isa = PBXFileReference; lastKnownFileType = net.daringfireball.markdown; path = README.md; sourceTree = "<group>"; };
		E1CEC25322088A8200D4905C /* .gitignore */ = {isa = PBXFileReference; lastKnownFileType = text; path = .gitignore; sourceTree = "<group>"; };
		E1CEC25822088AB200D4905C /* libStorefront.a */ = {isa = PBXFileReference; explicitFileType = archive.ar; includeInIndex = 0; path = libStorefront.a; sourceTree = BUILT_PRODUCTS_DIR; };
		E1CEC26422088AFA00D4905C /* libStorefront.a */ = {isa = PBXFileReference; explicitFileType = archive.ar; includeInIndex = 0; path = libStorefront.a; sourceTree = BUILT_PRODUCTS_DIR; };
		E1CEC26F22088C1F00D4905C /* Storefront.swift */ = {isa = PBXFileReference; lastKnownFileType = sourcecode.swift; path = Storefront.swift; sourceTree = "<group>"; };
		E1CEC27622088CBA00D4905C /* Storefront iOSTests.xctest */ = {isa = PBXFileReference; explicitFileType = wrapper.cfbundle; includeInIndex = 0; path = "Storefront iOSTests.xctest"; sourceTree = BUILT_PRODUCTS_DIR; };
		E1CEC27A22088CBA00D4905C /* Info.plist */ = {isa = PBXFileReference; lastKnownFileType = text.plist.xml; path = Info.plist; sourceTree = "<group>"; };
		E1CEC28522088CEB00D4905C /* Storefront macOSTests.xctest */ = {isa = PBXFileReference; explicitFileType = wrapper.cfbundle; includeInIndex = 0; path = "Storefront macOSTests.xctest"; sourceTree = BUILT_PRODUCTS_DIR; };
		E1CEC28922088CEB00D4905C /* Info.plist */ = {isa = PBXFileReference; lastKnownFileType = text.plist.xml; path = Info.plist; sourceTree = "<group>"; };
		E1CEC29222088EE400D4905C /* azure-pipelines.yml */ = {isa = PBXFileReference; lastKnownFileType = text; path = "azure-pipelines.yml"; sourceTree = "<group>"; };
		E1CEC2942208913800D4905C /* StorefrontTests.swift */ = {isa = PBXFileReference; lastKnownFileType = sourcecode.swift; path = StorefrontTests.swift; sourceTree = "<group>"; };
		E1CEC2972208926F00D4905C /* Package.swift */ = {isa = PBXFileReference; lastKnownFileType = sourcecode.swift; path = Package.swift; sourceTree = "<group>"; };
		E1CEC2982208935900D4905C /* .swiftlint.yml */ = {isa = PBXFileReference; lastKnownFileType = text; path = .swiftlint.yml; sourceTree = "<group>"; };
		E1CEC29C2209CE1500D4905C /* Storefront+ProductRequest.swift */ = {isa = PBXFileReference; fileEncoding = 4; lastKnownFileType = sourcecode.swift; path = "Storefront+ProductRequest.swift"; sourceTree = "<group>"; };
		E1CEC29D2209CE1500D4905C /* Storefront+Delegates.swift */ = {isa = PBXFileReference; fileEncoding = 4; lastKnownFileType = sourcecode.swift; path = "Storefront+Delegates.swift"; sourceTree = "<group>"; };
		E1CEC29E2209CE1500D4905C /* Storefront+Transaction.swift */ = {isa = PBXFileReference; fileEncoding = 4; lastKnownFileType = sourcecode.swift; path = "Storefront+Transaction.swift"; sourceTree = "<group>"; };
		E1CEC29F2209CE1500D4905C /* Storefront+Purchase.swift */ = {isa = PBXFileReference; fileEncoding = 4; lastKnownFileType = sourcecode.swift; path = "Storefront+Purchase.swift"; sourceTree = "<group>"; };
		E1CEC2A02209CE1500D4905C /* Storefront+CloudSync.swift */ = {isa = PBXFileReference; fileEncoding = 4; lastKnownFileType = sourcecode.swift; path = "Storefront+CloudSync.swift"; sourceTree = "<group>"; };
		E1CEC2A12209CE1500D4905C /* Storefront+Restore.swift */ = {isa = PBXFileReference; fileEncoding = 4; lastKnownFileType = sourcecode.swift; path = "Storefront+Restore.swift"; sourceTree = "<group>"; };
		E1CEC2AF2209CE4C00D4905C /* StoreKit.framework */ = {isa = PBXFileReference; lastKnownFileType = wrapper.framework; name = StoreKit.framework; path = Platforms/iPhoneOS.platform/Developer/SDKs/iPhoneOS12.1.sdk/System/Library/Frameworks/StoreKit.framework; sourceTree = DEVELOPER_DIR; };
		E1CEC2B12209CE5500D4905C /* StoreKit.framework */ = {isa = PBXFileReference; lastKnownFileType = wrapper.framework; name = StoreKit.framework; path = System/Library/Frameworks/StoreKit.framework; sourceTree = SDKROOT; };
/* End PBXFileReference section */

/* Begin PBXFrameworksBuildPhase section */
		E1CEC25522088AB200D4905C /* Frameworks */ = {
			isa = PBXFrameworksBuildPhase;
			buildActionMask = 2147483647;
			files = (
				E1CEC2B02209CE4C00D4905C /* StoreKit.framework in Frameworks */,
			);
			runOnlyForDeploymentPostprocessing = 0;
		};
		E1CEC26222088AFA00D4905C /* Frameworks */ = {
			isa = PBXFrameworksBuildPhase;
			buildActionMask = 2147483647;
			files = (
				E1CEC2B22209CE5500D4905C /* StoreKit.framework in Frameworks */,
			);
			runOnlyForDeploymentPostprocessing = 0;
		};
		E1CEC27322088CBA00D4905C /* Frameworks */ = {
			isa = PBXFrameworksBuildPhase;
			buildActionMask = 2147483647;
			files = (
				E1CEC27B22088CBA00D4905C /* libStorefront.a in Frameworks */,
			);
			runOnlyForDeploymentPostprocessing = 0;
		};
		E1CEC28222088CEB00D4905C /* Frameworks */ = {
			isa = PBXFrameworksBuildPhase;
			buildActionMask = 2147483647;
			files = (
				E1CEC28A22088CEB00D4905C /* libStorefront.a in Frameworks */,
			);
			runOnlyForDeploymentPostprocessing = 0;
		};
/* End PBXFrameworksBuildPhase section */

/* Begin PBXGroup section */
		E1CEC24B22088A2F00D4905C = {
			isa = PBXGroup;
			children = (
				E1CEC2972208926F00D4905C /* Package.swift */,
				E1CEC25322088A8200D4905C /* .gitignore */,
				E1CEC25222088A7A00D4905C /* README.md */,
				E1CEC2982208935900D4905C /* .swiftlint.yml */,
				E1CEC29222088EE400D4905C /* azure-pipelines.yml */,
				E1CEC27722088CBA00D4905C /* Storefront iOSTests */,
				E1CEC28622088CEB00D4905C /* Storefront macOSTests */,
				E1CEC26D22088B1E00D4905C /* Sources */,
				E1CEC26E22088B3800D4905C /* Tests */,
				E1CEC25922088AB200D4905C /* Products */,
				E1CEC2AE2209CE4B00D4905C /* Frameworks */,
			);
			sourceTree = "<group>";
		};
		E1CEC25922088AB200D4905C /* Products */ = {
			isa = PBXGroup;
			children = (
				E1CEC25822088AB200D4905C /* libStorefront.a */,
				E1CEC26422088AFA00D4905C /* libStorefront.a */,
				E1CEC27622088CBA00D4905C /* Storefront iOSTests.xctest */,
				E1CEC28522088CEB00D4905C /* Storefront macOSTests.xctest */,
			);
			name = Products;
			sourceTree = "<group>";
		};
		E1CEC26D22088B1E00D4905C /* Sources */ = {
			isa = PBXGroup;
			children = (
				E1CEC2992208958300D4905C /* Storefront */,
			);
			path = Sources;
			sourceTree = "<group>";
		};
		E1CEC26E22088B3800D4905C /* Tests */ = {
			isa = PBXGroup;
			children = (
				E1CEC2932208910E00D4905C /* StorefrontTests */,
			);
			path = Tests;
			sourceTree = "<group>";
		};
		E1CEC27722088CBA00D4905C /* Storefront iOSTests */ = {
			isa = PBXGroup;
			children = (
				E1CEC27A22088CBA00D4905C /* Info.plist */,
			);
			path = "Storefront iOSTests";
			sourceTree = "<group>";
		};
		E1CEC28622088CEB00D4905C /* Storefront macOSTests */ = {
			isa = PBXGroup;
			children = (
				E1CEC28922088CEB00D4905C /* Info.plist */,
			);
			path = "Storefront macOSTests";
			sourceTree = "<group>";
		};
		E1CEC2932208910E00D4905C /* StorefrontTests */ = {
			isa = PBXGroup;
			children = (
				E1CEC2942208913800D4905C /* StorefrontTests.swift */,
			);
			path = StorefrontTests;
			sourceTree = "<group>";
		};
		E1CEC2992208958300D4905C /* Storefront */ = {
			isa = PBXGroup;
			children = (
				E1CEC26F22088C1F00D4905C /* Storefront.swift */,
				E1CEC2A02209CE1500D4905C /* Storefront+CloudSync.swift */,
				E1CEC29D2209CE1500D4905C /* Storefront+Delegates.swift */,
				E1CEC29C2209CE1500D4905C /* Storefront+ProductRequest.swift */,
				E1CEC29F2209CE1500D4905C /* Storefront+Purchase.swift */,
				E1CEC2A12209CE1500D4905C /* Storefront+Restore.swift */,
				E1CEC29E2209CE1500D4905C /* Storefront+Transaction.swift */,
			);
			path = Storefront;
			sourceTree = "<group>";
		};
		E1CEC2AE2209CE4B00D4905C /* Frameworks */ = {
			isa = PBXGroup;
			children = (
				E1CEC2B12209CE5500D4905C /* StoreKit.framework */,
				E1CEC2AF2209CE4C00D4905C /* StoreKit.framework */,
			);
			name = Frameworks;
			sourceTree = "<group>";
		};
/* End PBXGroup section */

/* Begin PBXHeadersBuildPhase section */
		E1CEC26022088AFA00D4905C /* Headers */ = {
			isa = PBXHeadersBuildPhase;
			buildActionMask = 2147483647;
			files = (
			);
			runOnlyForDeploymentPostprocessing = 0;
		};
/* End PBXHeadersBuildPhase section */

/* Begin PBXNativeTarget section */
		E1CEC25722088AB200D4905C /* Storefront iOS */ = {
			isa = PBXNativeTarget;
			buildConfigurationList = E1CEC25D22088AB200D4905C /* Build configuration list for PBXNativeTarget "Storefront iOS" */;
			buildPhases = (
				E1CEC29022088E5500D4905C /* ShellScript */,
				E1CEC25422088AB200D4905C /* Sources */,
				E1CEC25522088AB200D4905C /* Frameworks */,
				E1CEC25622088AB200D4905C /* CopyFiles */,
			);
			buildRules = (
			);
			dependencies = (
			);
			name = "Storefront iOS";
			productName = "Storefront iOS";
			productReference = E1CEC25822088AB200D4905C /* libStorefront.a */;
			productType = "com.apple.product-type.library.static";
		};
		E1CEC26322088AFA00D4905C /* Storefront macOS */ = {
			isa = PBXNativeTarget;
			buildConfigurationList = E1CEC26A22088AFA00D4905C /* Build configuration list for PBXNativeTarget "Storefront macOS" */;
			buildPhases = (
				E1CEC29122088E6100D4905C /* ShellScript */,
				E1CEC26022088AFA00D4905C /* Headers */,
				E1CEC26122088AFA00D4905C /* Sources */,
				E1CEC26222088AFA00D4905C /* Frameworks */,
			);
			buildRules = (
			);
			dependencies = (
			);
			name = "Storefront macOS";
			productName = "Storefront macOS";
			productReference = E1CEC26422088AFA00D4905C /* libStorefront.a */;
			productType = "com.apple.product-type.library.static";
		};
		E1CEC27522088CBA00D4905C /* Storefront iOSTests */ = {
			isa = PBXNativeTarget;
			buildConfigurationList = E1CEC27E22088CBA00D4905C /* Build configuration list for PBXNativeTarget "Storefront iOSTests" */;
			buildPhases = (
				E1CEC27222088CBA00D4905C /* Sources */,
				E1CEC27322088CBA00D4905C /* Frameworks */,
				E1CEC27422088CBA00D4905C /* Resources */,
			);
			buildRules = (
			);
			dependencies = (
				E1CEC27D22088CBA00D4905C /* PBXTargetDependency */,
			);
			name = "Storefront iOSTests";
			productName = "Storefront iOSTests";
			productReference = E1CEC27622088CBA00D4905C /* Storefront iOSTests.xctest */;
			productType = "com.apple.product-type.bundle.unit-test";
		};
		E1CEC28422088CEB00D4905C /* Storefront macOSTests */ = {
			isa = PBXNativeTarget;
			buildConfigurationList = E1CEC28D22088CEB00D4905C /* Build configuration list for PBXNativeTarget "Storefront macOSTests" */;
			buildPhases = (
				E1CEC28122088CEB00D4905C /* Sources */,
				E1CEC28222088CEB00D4905C /* Frameworks */,
				E1CEC28322088CEB00D4905C /* Resources */,
			);
			buildRules = (
			);
			dependencies = (
				E1CEC28C22088CEB00D4905C /* PBXTargetDependency */,
			);
			name = "Storefront macOSTests";
			productName = "Storefront macOSTests";
			productReference = E1CEC28522088CEB00D4905C /* Storefront macOSTests.xctest */;
			productType = "com.apple.product-type.bundle.unit-test";
		};
/* End PBXNativeTarget section */

/* Begin PBXProject section */
		E1CEC24C22088A2F00D4905C /* Project object */ = {
			isa = PBXProject;
			attributes = {
				LastSwiftUpdateCheck = 1010;
				LastUpgradeCheck = 1010;
				TargetAttributes = {
					E1CEC25722088AB200D4905C = {
						CreatedOnToolsVersion = 10.1;
						LastSwiftMigration = 1010;
					};
					E1CEC26322088AFA00D4905C = {
						CreatedOnToolsVersion = 10.1;
						LastSwiftMigration = 1010;
					};
					E1CEC27522088CBA00D4905C = {
						CreatedOnToolsVersion = 10.1;
						LastSwiftMigration = 1010;
					};
					E1CEC28422088CEB00D4905C = {
						CreatedOnToolsVersion = 10.1;
						LastSwiftMigration = 1010;
					};
				};
			};
			buildConfigurationList = E1CEC24F22088A2F00D4905C /* Build configuration list for PBXProject "Storefront" */;
			compatibilityVersion = "Xcode 9.3";
			developmentRegion = en;
			hasScannedForEncodings = 0;
			knownRegions = (
				en,
			);
			mainGroup = E1CEC24B22088A2F00D4905C;
			productRefGroup = E1CEC25922088AB200D4905C /* Products */;
			projectDirPath = "";
			projectRoot = "";
			targets = (
				E1CEC25722088AB200D4905C /* Storefront iOS */,
				E1CEC26322088AFA00D4905C /* Storefront macOS */,
				E1CEC27522088CBA00D4905C /* Storefront iOSTests */,
				E1CEC28422088CEB00D4905C /* Storefront macOSTests */,
			);
		};
/* End PBXProject section */

/* Begin PBXResourcesBuildPhase section */
		E1CEC27422088CBA00D4905C /* Resources */ = {
			isa = PBXResourcesBuildPhase;
			buildActionMask = 2147483647;
			files = (
			);
			runOnlyForDeploymentPostprocessing = 0;
		};
		E1CEC28322088CEB00D4905C /* Resources */ = {
			isa = PBXResourcesBuildPhase;
			buildActionMask = 2147483647;
			files = (
			);
			runOnlyForDeploymentPostprocessing = 0;
		};
/* End PBXResourcesBuildPhase section */

/* Begin PBXShellScriptBuildPhase section */
		E1CEC29022088E5500D4905C /* ShellScript */ = {
			isa = PBXShellScriptBuildPhase;
			buildActionMask = 2147483647;
			files = (
			);
			inputFileListPaths = (
			);
			inputPaths = (
			);
			outputFileListPaths = (
			);
			outputPaths = (
			);
			runOnlyForDeploymentPostprocessing = 0;
			shellPath = /bin/sh;
			shellScript = "if which swiftlint >/dev/null; then\nswiftlint\nelse\necho \"warning: SwiftLint not installed, download from https://github.com/realm/SwiftLint\"\nfi\n";
		};
		E1CEC29122088E6100D4905C /* ShellScript */ = {
			isa = PBXShellScriptBuildPhase;
			buildActionMask = 2147483647;
			files = (
			);
			inputFileListPaths = (
			);
			inputPaths = (
			);
			outputFileListPaths = (
			);
			outputPaths = (
			);
			runOnlyForDeploymentPostprocessing = 0;
			shellPath = /bin/sh;
			shellScript = "if which swiftlint >/dev/null; then\nswiftlint\nelse\necho \"warning: SwiftLint not installed, download from https://github.com/realm/SwiftLint\"\nfi\n";
		};
/* End PBXShellScriptBuildPhase section */

/* Begin PBXSourcesBuildPhase section */
		E1CEC25422088AB200D4905C /* Sources */ = {
			isa = PBXSourcesBuildPhase;
			buildActionMask = 2147483647;
			files = (
				E1CEC2AA2209CE1500D4905C /* Storefront+CloudSync.swift in Sources */,
				E1CEC2AC2209CE1500D4905C /* Storefront+Restore.swift in Sources */,
				E1CEC27022088C1F00D4905C /* Storefront.swift in Sources */,
				E1CEC2A22209CE1500D4905C /* Storefront+ProductRequest.swift in Sources */,
				E1CEC2A82209CE1500D4905C /* Storefront+Purchase.swift in Sources */,
				E1CEC2A62209CE1500D4905C /* Storefront+Transaction.swift in Sources */,
				E1CEC2A42209CE1500D4905C /* Storefront+Delegates.swift in Sources */,
			);
			runOnlyForDeploymentPostprocessing = 0;
		};
		E1CEC26122088AFA00D4905C /* Sources */ = {
			isa = PBXSourcesBuildPhase;
			buildActionMask = 2147483647;
			files = (
				E1CEC2AB2209CE1500D4905C /* Storefront+CloudSync.swift in Sources */,
				E1CEC2AD2209CE1500D4905C /* Storefront+Restore.swift in Sources */,
				E1CEC27122088C1F00D4905C /* Storefront.swift in Sources */,
				E1CEC2A32209CE1500D4905C /* Storefront+ProductRequest.swift in Sources */,
				E1CEC2A92209CE1500D4905C /* Storefront+Purchase.swift in Sources */,
				E1CEC2A72209CE1500D4905C /* Storefront+Transaction.swift in Sources */,
				E1CEC2A52209CE1500D4905C /* Storefront+Delegates.swift in Sources */,
			);
			runOnlyForDeploymentPostprocessing = 0;
		};
		E1CEC27222088CBA00D4905C /* Sources */ = {
			isa = PBXSourcesBuildPhase;
			buildActionMask = 2147483647;
			files = (
				E1CEC2952208913800D4905C /* StorefrontTests.swift in Sources */,
			);
			runOnlyForDeploymentPostprocessing = 0;
		};
		E1CEC28122088CEB00D4905C /* Sources */ = {
			isa = PBXSourcesBuildPhase;
			buildActionMask = 2147483647;
			files = (
				E1CEC2962208913800D4905C /* StorefrontTests.swift in Sources */,
			);
			runOnlyForDeploymentPostprocessing = 0;
		};
/* End PBXSourcesBuildPhase section */

/* Begin PBXTargetDependency section */
		E1CEC27D22088CBA00D4905C /* PBXTargetDependency */ = {
			isa = PBXTargetDependency;
			target = E1CEC25722088AB200D4905C /* Storefront iOS */;
			targetProxy = E1CEC27C22088CBA00D4905C /* PBXContainerItemProxy */;
		};
		E1CEC28C22088CEB00D4905C /* PBXTargetDependency */ = {
			isa = PBXTargetDependency;
			target = E1CEC26322088AFA00D4905C /* Storefront macOS */;
			targetProxy = E1CEC28B22088CEB00D4905C /* PBXContainerItemProxy */;
		};
/* End PBXTargetDependency section */

/* Begin XCBuildConfiguration section */
		E1CEC25022088A2F00D4905C /* Debug */ = {
			isa = XCBuildConfiguration;
			buildSettings = {
				IPHONEOS_DEPLOYMENT_TARGET = 10.0;
				MACOSX_DEPLOYMENT_TARGET = 10.11;
			};
			name = Debug;
		};
		E1CEC25122088A2F00D4905C /* Release */ = {
			isa = XCBuildConfiguration;
			buildSettings = {
				IPHONEOS_DEPLOYMENT_TARGET = 10.0;
				MACOSX_DEPLOYMENT_TARGET = 10.11;
			};
			name = Release;
		};
		E1CEC25E22088AB200D4905C /* Debug */ = {
			isa = XCBuildConfiguration;
			buildSettings = {
				ALWAYS_SEARCH_USER_PATHS = NO;
				CLANG_ANALYZER_NONNULL = YES;
				CLANG_ANALYZER_NUMBER_OBJECT_CONVERSION = YES_AGGRESSIVE;
				CLANG_CXX_LANGUAGE_STANDARD = "gnu++14";
				CLANG_CXX_LIBRARY = "libc++";
				CLANG_ENABLE_MODULES = YES;
				CLANG_ENABLE_OBJC_ARC = YES;
				CLANG_ENABLE_OBJC_WEAK = YES;
				CLANG_WARN_BLOCK_CAPTURE_AUTORELEASING = YES;
				CLANG_WARN_BOOL_CONVERSION = YES;
				CLANG_WARN_COMMA = YES;
				CLANG_WARN_CONSTANT_CONVERSION = YES;
				CLANG_WARN_DEPRECATED_OBJC_IMPLEMENTATIONS = YES;
				CLANG_WARN_DIRECT_OBJC_ISA_USAGE = YES_ERROR;
				CLANG_WARN_DOCUMENTATION_COMMENTS = YES;
				CLANG_WARN_EMPTY_BODY = YES;
				CLANG_WARN_ENUM_CONVERSION = YES;
				CLANG_WARN_INFINITE_RECURSION = YES;
				CLANG_WARN_INT_CONVERSION = YES;
				CLANG_WARN_NON_LITERAL_NULL_CONVERSION = YES;
				CLANG_WARN_OBJC_IMPLICIT_RETAIN_SELF = YES;
				CLANG_WARN_OBJC_LITERAL_CONVERSION = YES;
				CLANG_WARN_OBJC_ROOT_CLASS = YES_ERROR;
				CLANG_WARN_RANGE_LOOP_ANALYSIS = YES;
				CLANG_WARN_STRICT_PROTOTYPES = YES;
				CLANG_WARN_SUSPICIOUS_MOVE = YES;
				CLANG_WARN_UNGUARDED_AVAILABILITY = YES_AGGRESSIVE;
				CLANG_WARN_UNREACHABLE_CODE = YES;
				CLANG_WARN__DUPLICATE_METHOD_MATCH = YES;
				CODE_SIGN_IDENTITY = "iPhone Developer";
				CODE_SIGN_STYLE = Automatic;
				COPY_PHASE_STRIP = NO;
				DEBUG_INFORMATION_FORMAT = dwarf;
				DEFINES_MODULE = YES;
				DEVELOPMENT_TEAM = Z8L4G5WZR3;
				ENABLE_STRICT_OBJC_MSGSEND = YES;
				ENABLE_TESTABILITY = YES;
				GCC_C_LANGUAGE_STANDARD = gnu11;
				GCC_DYNAMIC_NO_PIC = NO;
				GCC_NO_COMMON_BLOCKS = YES;
				GCC_OPTIMIZATION_LEVEL = 0;
				GCC_PREPROCESSOR_DEFINITIONS = (
					"DEBUG=1",
					"$(inherited)",
				);
				GCC_WARN_64_TO_32_BIT_CONVERSION = YES;
				GCC_WARN_ABOUT_RETURN_TYPE = YES_ERROR;
				GCC_WARN_UNDECLARED_SELECTOR = YES;
				GCC_WARN_UNINITIALIZED_AUTOS = YES_AGGRESSIVE;
				GCC_WARN_UNUSED_FUNCTION = YES;
				GCC_WARN_UNUSED_VARIABLE = YES;
				IPHONEOS_DEPLOYMENT_TARGET = 10.0;
				LD_RUNPATH_SEARCH_PATHS = (
					"$(inherited)",
					"@executable_path/Frameworks",
					"@loader_path/Frameworks",
				);
				MTL_ENABLE_DEBUG_INFO = INCLUDE_SOURCE;
				MTL_FAST_MATH = YES;
				ONLY_ACTIVE_ARCH = YES;
				OTHER_LDFLAGS = "-ObjC";
				PRODUCT_NAME = Storefront;
				SDKROOT = iphoneos;
				SKIP_INSTALL = YES;
				SWIFT_ACTIVE_COMPILATION_CONDITIONS = DEBUG;
				SWIFT_OPTIMIZATION_LEVEL = "-Onone";
				SWIFT_VERSION = 4.2;
				TARGETED_DEVICE_FAMILY = "1,2";
			};
			name = Debug;
		};
		E1CEC25F22088AB200D4905C /* Release */ = {
			isa = XCBuildConfiguration;
			buildSettings = {
				ALWAYS_SEARCH_USER_PATHS = NO;
				CLANG_ANALYZER_NONNULL = YES;
				CLANG_ANALYZER_NUMBER_OBJECT_CONVERSION = YES_AGGRESSIVE;
				CLANG_CXX_LANGUAGE_STANDARD = "gnu++14";
				CLANG_CXX_LIBRARY = "libc++";
				CLANG_ENABLE_MODULES = YES;
				CLANG_ENABLE_OBJC_ARC = YES;
				CLANG_ENABLE_OBJC_WEAK = YES;
				CLANG_WARN_BLOCK_CAPTURE_AUTORELEASING = YES;
				CLANG_WARN_BOOL_CONVERSION = YES;
				CLANG_WARN_COMMA = YES;
				CLANG_WARN_CONSTANT_CONVERSION = YES;
				CLANG_WARN_DEPRECATED_OBJC_IMPLEMENTATIONS = YES;
				CLANG_WARN_DIRECT_OBJC_ISA_USAGE = YES_ERROR;
				CLANG_WARN_DOCUMENTATION_COMMENTS = YES;
				CLANG_WARN_EMPTY_BODY = YES;
				CLANG_WARN_ENUM_CONVERSION = YES;
				CLANG_WARN_INFINITE_RECURSION = YES;
				CLANG_WARN_INT_CONVERSION = YES;
				CLANG_WARN_NON_LITERAL_NULL_CONVERSION = YES;
				CLANG_WARN_OBJC_IMPLICIT_RETAIN_SELF = YES;
				CLANG_WARN_OBJC_LITERAL_CONVERSION = YES;
				CLANG_WARN_OBJC_ROOT_CLASS = YES_ERROR;
				CLANG_WARN_RANGE_LOOP_ANALYSIS = YES;
				CLANG_WARN_STRICT_PROTOTYPES = YES;
				CLANG_WARN_SUSPICIOUS_MOVE = YES;
				CLANG_WARN_UNGUARDED_AVAILABILITY = YES_AGGRESSIVE;
				CLANG_WARN_UNREACHABLE_CODE = YES;
				CLANG_WARN__DUPLICATE_METHOD_MATCH = YES;
				CODE_SIGN_IDENTITY = "iPhone Developer";
				CODE_SIGN_STYLE = Automatic;
				COPY_PHASE_STRIP = NO;
				DEBUG_INFORMATION_FORMAT = "dwarf-with-dsym";
				DEFINES_MODULE = YES;
				DEVELOPMENT_TEAM = Z8L4G5WZR3;
				ENABLE_NS_ASSERTIONS = NO;
				ENABLE_STRICT_OBJC_MSGSEND = YES;
				GCC_C_LANGUAGE_STANDARD = gnu11;
				GCC_NO_COMMON_BLOCKS = YES;
				GCC_WARN_64_TO_32_BIT_CONVERSION = YES;
				GCC_WARN_ABOUT_RETURN_TYPE = YES_ERROR;
				GCC_WARN_UNDECLARED_SELECTOR = YES;
				GCC_WARN_UNINITIALIZED_AUTOS = YES_AGGRESSIVE;
				GCC_WARN_UNUSED_FUNCTION = YES;
				GCC_WARN_UNUSED_VARIABLE = YES;
				IPHONEOS_DEPLOYMENT_TARGET = 10.0;
				LD_RUNPATH_SEARCH_PATHS = (
					"$(inherited)",
					"@executable_path/Frameworks",
					"@loader_path/Frameworks",
				);
				MTL_ENABLE_DEBUG_INFO = NO;
				MTL_FAST_MATH = YES;
				OTHER_LDFLAGS = "-ObjC";
				PRODUCT_NAME = Storefront;
				SDKROOT = iphoneos;
				SKIP_INSTALL = YES;
				SWIFT_COMPILATION_MODE = wholemodule;
				SWIFT_OPTIMIZATION_LEVEL = "-O";
				SWIFT_VERSION = 4.2;
				TARGETED_DEVICE_FAMILY = "1,2";
				VALIDATE_PRODUCT = YES;
			};
			name = Release;
		};
		E1CEC26B22088AFA00D4905C /* Debug */ = {
			isa = XCBuildConfiguration;
			buildSettings = {
				ALWAYS_SEARCH_USER_PATHS = NO;
				CLANG_ANALYZER_NONNULL = YES;
				CLANG_ANALYZER_NUMBER_OBJECT_CONVERSION = YES_AGGRESSIVE;
				CLANG_CXX_LANGUAGE_STANDARD = "gnu++14";
				CLANG_CXX_LIBRARY = "libc++";
				CLANG_ENABLE_MODULES = YES;
				CLANG_ENABLE_OBJC_ARC = YES;
				CLANG_ENABLE_OBJC_WEAK = YES;
				CLANG_WARN_BLOCK_CAPTURE_AUTORELEASING = YES;
				CLANG_WARN_BOOL_CONVERSION = YES;
				CLANG_WARN_COMMA = YES;
				CLANG_WARN_CONSTANT_CONVERSION = YES;
				CLANG_WARN_DEPRECATED_OBJC_IMPLEMENTATIONS = YES;
				CLANG_WARN_DIRECT_OBJC_ISA_USAGE = YES_ERROR;
				CLANG_WARN_DOCUMENTATION_COMMENTS = YES;
				CLANG_WARN_EMPTY_BODY = YES;
				CLANG_WARN_ENUM_CONVERSION = YES;
				CLANG_WARN_INFINITE_RECURSION = YES;
				CLANG_WARN_INT_CONVERSION = YES;
				CLANG_WARN_NON_LITERAL_NULL_CONVERSION = YES;
				CLANG_WARN_OBJC_IMPLICIT_RETAIN_SELF = YES;
				CLANG_WARN_OBJC_LITERAL_CONVERSION = YES;
				CLANG_WARN_OBJC_ROOT_CLASS = YES_ERROR;
				CLANG_WARN_RANGE_LOOP_ANALYSIS = YES;
				CLANG_WARN_STRICT_PROTOTYPES = YES;
				CLANG_WARN_SUSPICIOUS_MOVE = YES;
				CLANG_WARN_UNGUARDED_AVAILABILITY = YES_AGGRESSIVE;
				CLANG_WARN_UNREACHABLE_CODE = YES;
				CLANG_WARN__DUPLICATE_METHOD_MATCH = YES;
				CODE_SIGN_IDENTITY = "Mac Developer";
				CODE_SIGN_STYLE = Automatic;
				COPY_PHASE_STRIP = NO;
				DEBUG_INFORMATION_FORMAT = dwarf;
				DEFINES_MODULE = YES;
				DEVELOPMENT_TEAM = Z8L4G5WZR3;
				ENABLE_STRICT_OBJC_MSGSEND = YES;
				ENABLE_TESTABILITY = YES;
				EXECUTABLE_PREFIX = lib;
				GCC_C_LANGUAGE_STANDARD = gnu11;
				GCC_DYNAMIC_NO_PIC = NO;
				GCC_NO_COMMON_BLOCKS = YES;
				GCC_OPTIMIZATION_LEVEL = 0;
				GCC_PREPROCESSOR_DEFINITIONS = (
					"DEBUG=1",
					"$(inherited)",
				);
				GCC_WARN_64_TO_32_BIT_CONVERSION = YES;
				GCC_WARN_ABOUT_RETURN_TYPE = YES_ERROR;
				GCC_WARN_UNDECLARED_SELECTOR = YES;
				GCC_WARN_UNINITIALIZED_AUTOS = YES_AGGRESSIVE;
				GCC_WARN_UNUSED_FUNCTION = YES;
				GCC_WARN_UNUSED_VARIABLE = YES;
				LD_RUNPATH_SEARCH_PATHS = (
					"$(inherited)",
					"@executable_path/../Frameworks",
					"@loader_path/../Frameworks",
				);
				MACOSX_DEPLOYMENT_TARGET = 10.11;
				MTL_ENABLE_DEBUG_INFO = INCLUDE_SOURCE;
				MTL_FAST_MATH = YES;
				ONLY_ACTIVE_ARCH = YES;
				PRODUCT_NAME = Storefront;
				SDKROOT = macosx;
				SKIP_INSTALL = YES;
				SWIFT_OPTIMIZATION_LEVEL = "-Onone";
				SWIFT_VERSION = 4.2;
			};
			name = Debug;
		};
		E1CEC26C22088AFA00D4905C /* Release */ = {
			isa = XCBuildConfiguration;
			buildSettings = {
				ALWAYS_SEARCH_USER_PATHS = NO;
				CLANG_ANALYZER_NONNULL = YES;
				CLANG_ANALYZER_NUMBER_OBJECT_CONVERSION = YES_AGGRESSIVE;
				CLANG_CXX_LANGUAGE_STANDARD = "gnu++14";
				CLANG_CXX_LIBRARY = "libc++";
				CLANG_ENABLE_MODULES = YES;
				CLANG_ENABLE_OBJC_ARC = YES;
				CLANG_ENABLE_OBJC_WEAK = YES;
				CLANG_WARN_BLOCK_CAPTURE_AUTORELEASING = YES;
				CLANG_WARN_BOOL_CONVERSION = YES;
				CLANG_WARN_COMMA = YES;
				CLANG_WARN_CONSTANT_CONVERSION = YES;
				CLANG_WARN_DEPRECATED_OBJC_IMPLEMENTATIONS = YES;
				CLANG_WARN_DIRECT_OBJC_ISA_USAGE = YES_ERROR;
				CLANG_WARN_DOCUMENTATION_COMMENTS = YES;
				CLANG_WARN_EMPTY_BODY = YES;
				CLANG_WARN_ENUM_CONVERSION = YES;
				CLANG_WARN_INFINITE_RECURSION = YES;
				CLANG_WARN_INT_CONVERSION = YES;
				CLANG_WARN_NON_LITERAL_NULL_CONVERSION = YES;
				CLANG_WARN_OBJC_IMPLICIT_RETAIN_SELF = YES;
				CLANG_WARN_OBJC_LITERAL_CONVERSION = YES;
				CLANG_WARN_OBJC_ROOT_CLASS = YES_ERROR;
				CLANG_WARN_RANGE_LOOP_ANALYSIS = YES;
				CLANG_WARN_STRICT_PROTOTYPES = YES;
				CLANG_WARN_SUSPICIOUS_MOVE = YES;
				CLANG_WARN_UNGUARDED_AVAILABILITY = YES_AGGRESSIVE;
				CLANG_WARN_UNREACHABLE_CODE = YES;
				CLANG_WARN__DUPLICATE_METHOD_MATCH = YES;
				CODE_SIGN_IDENTITY = "Mac Developer";
				CODE_SIGN_STYLE = Automatic;
				COPY_PHASE_STRIP = NO;
				DEBUG_INFORMATION_FORMAT = "dwarf-with-dsym";
				DEFINES_MODULE = YES;
				DEVELOPMENT_TEAM = Z8L4G5WZR3;
				ENABLE_NS_ASSERTIONS = NO;
				ENABLE_STRICT_OBJC_MSGSEND = YES;
				EXECUTABLE_PREFIX = lib;
				GCC_C_LANGUAGE_STANDARD = gnu11;
				GCC_NO_COMMON_BLOCKS = YES;
				GCC_WARN_64_TO_32_BIT_CONVERSION = YES;
				GCC_WARN_ABOUT_RETURN_TYPE = YES_ERROR;
				GCC_WARN_UNDECLARED_SELECTOR = YES;
				GCC_WARN_UNINITIALIZED_AUTOS = YES_AGGRESSIVE;
				GCC_WARN_UNUSED_FUNCTION = YES;
				GCC_WARN_UNUSED_VARIABLE = YES;
				LD_RUNPATH_SEARCH_PATHS = (
					"$(inherited)",
					"@executable_path/../Frameworks",
					"@loader_path/../Frameworks",
				);
				MACOSX_DEPLOYMENT_TARGET = 10.11;
				MTL_ENABLE_DEBUG_INFO = NO;
				MTL_FAST_MATH = YES;
				PRODUCT_NAME = Storefront;
				SDKROOT = macosx;
				SKIP_INSTALL = YES;
				SWIFT_VERSION = 4.2;
			};
			name = Release;
		};
		E1CEC27F22088CBA00D4905C /* Debug */ = {
			isa = XCBuildConfiguration;
			buildSettings = {
				ALWAYS_SEARCH_USER_PATHS = NO;
				CLANG_ANALYZER_NONNULL = YES;
				CLANG_ANALYZER_NUMBER_OBJECT_CONVERSION = YES_AGGRESSIVE;
				CLANG_CXX_LANGUAGE_STANDARD = "gnu++14";
				CLANG_CXX_LIBRARY = "libc++";
				CLANG_ENABLE_MODULES = YES;
				CLANG_ENABLE_OBJC_ARC = YES;
				CLANG_ENABLE_OBJC_WEAK = YES;
				CLANG_WARN_BLOCK_CAPTURE_AUTORELEASING = YES;
				CLANG_WARN_BOOL_CONVERSION = YES;
				CLANG_WARN_COMMA = YES;
				CLANG_WARN_CONSTANT_CONVERSION = YES;
				CLANG_WARN_DEPRECATED_OBJC_IMPLEMENTATIONS = YES;
				CLANG_WARN_DIRECT_OBJC_ISA_USAGE = YES_ERROR;
				CLANG_WARN_DOCUMENTATION_COMMENTS = YES;
				CLANG_WARN_EMPTY_BODY = YES;
				CLANG_WARN_ENUM_CONVERSION = YES;
				CLANG_WARN_INFINITE_RECURSION = YES;
				CLANG_WARN_INT_CONVERSION = YES;
				CLANG_WARN_NON_LITERAL_NULL_CONVERSION = YES;
				CLANG_WARN_OBJC_IMPLICIT_RETAIN_SELF = YES;
				CLANG_WARN_OBJC_LITERAL_CONVERSION = YES;
				CLANG_WARN_OBJC_ROOT_CLASS = YES_ERROR;
				CLANG_WARN_RANGE_LOOP_ANALYSIS = YES;
				CLANG_WARN_STRICT_PROTOTYPES = YES;
				CLANG_WARN_SUSPICIOUS_MOVE = YES;
				CLANG_WARN_UNGUARDED_AVAILABILITY = YES_AGGRESSIVE;
				CLANG_WARN_UNREACHABLE_CODE = YES;
				CLANG_WARN__DUPLICATE_METHOD_MATCH = YES;
				CODE_SIGN_IDENTITY = "iPhone Developer";
				CODE_SIGN_STYLE = Automatic;
				COPY_PHASE_STRIP = NO;
				DEBUG_INFORMATION_FORMAT = dwarf;
				DEFINES_MODULE = YES;
				DEVELOPMENT_TEAM = Z8L4G5WZR3;
				ENABLE_STRICT_OBJC_MSGSEND = YES;
				ENABLE_TESTABILITY = YES;
				GCC_C_LANGUAGE_STANDARD = gnu11;
				GCC_DYNAMIC_NO_PIC = NO;
				GCC_NO_COMMON_BLOCKS = YES;
				GCC_OPTIMIZATION_LEVEL = 0;
				GCC_PREPROCESSOR_DEFINITIONS = (
					"DEBUG=1",
					"$(inherited)",
				);
				GCC_WARN_64_TO_32_BIT_CONVERSION = YES;
				GCC_WARN_ABOUT_RETURN_TYPE = YES_ERROR;
				GCC_WARN_UNDECLARED_SELECTOR = YES;
				GCC_WARN_UNINITIALIZED_AUTOS = YES_AGGRESSIVE;
				GCC_WARN_UNUSED_FUNCTION = YES;
				GCC_WARN_UNUSED_VARIABLE = YES;
				INFOPLIST_FILE = "Storefront iOSTests/Info.plist";
				IPHONEOS_DEPLOYMENT_TARGET = 10.0;
				LD_RUNPATH_SEARCH_PATHS = (
					"$(inherited)",
					"@executable_path/Frameworks",
					"@loader_path/Frameworks",
				);
				MTL_ENABLE_DEBUG_INFO = INCLUDE_SOURCE;
				MTL_FAST_MATH = YES;
				ONLY_ACTIVE_ARCH = YES;
				PRODUCT_BUNDLE_IDENTIFIER = "com.spacenation.Storefront-iOSTests";
				PRODUCT_NAME = "$(TARGET_NAME)";
				SDKROOT = iphoneos;
				SWIFT_ACTIVE_COMPILATION_CONDITIONS = DEBUG;
				SWIFT_OPTIMIZATION_LEVEL = "-Onone";
				SWIFT_VERSION = 4.2;
				TARGETED_DEVICE_FAMILY = "1,2";
			};
			name = Debug;
		};
		E1CEC28022088CBA00D4905C /* Release */ = {
			isa = XCBuildConfiguration;
			buildSettings = {
				ALWAYS_SEARCH_USER_PATHS = NO;
				CLANG_ANALYZER_NONNULL = YES;
				CLANG_ANALYZER_NUMBER_OBJECT_CONVERSION = YES_AGGRESSIVE;
				CLANG_CXX_LANGUAGE_STANDARD = "gnu++14";
				CLANG_CXX_LIBRARY = "libc++";
				CLANG_ENABLE_MODULES = YES;
				CLANG_ENABLE_OBJC_ARC = YES;
				CLANG_ENABLE_OBJC_WEAK = YES;
				CLANG_WARN_BLOCK_CAPTURE_AUTORELEASING = YES;
				CLANG_WARN_BOOL_CONVERSION = YES;
				CLANG_WARN_COMMA = YES;
				CLANG_WARN_CONSTANT_CONVERSION = YES;
				CLANG_WARN_DEPRECATED_OBJC_IMPLEMENTATIONS = YES;
				CLANG_WARN_DIRECT_OBJC_ISA_USAGE = YES_ERROR;
				CLANG_WARN_DOCUMENTATION_COMMENTS = YES;
				CLANG_WARN_EMPTY_BODY = YES;
				CLANG_WARN_ENUM_CONVERSION = YES;
				CLANG_WARN_INFINITE_RECURSION = YES;
				CLANG_WARN_INT_CONVERSION = YES;
				CLANG_WARN_NON_LITERAL_NULL_CONVERSION = YES;
				CLANG_WARN_OBJC_IMPLICIT_RETAIN_SELF = YES;
				CLANG_WARN_OBJC_LITERAL_CONVERSION = YES;
				CLANG_WARN_OBJC_ROOT_CLASS = YES_ERROR;
				CLANG_WARN_RANGE_LOOP_ANALYSIS = YES;
				CLANG_WARN_STRICT_PROTOTYPES = YES;
				CLANG_WARN_SUSPICIOUS_MOVE = YES;
				CLANG_WARN_UNGUARDED_AVAILABILITY = YES_AGGRESSIVE;
				CLANG_WARN_UNREACHABLE_CODE = YES;
				CLANG_WARN__DUPLICATE_METHOD_MATCH = YES;
				CODE_SIGN_IDENTITY = "iPhone Developer";
				CODE_SIGN_STYLE = Automatic;
				COPY_PHASE_STRIP = NO;
				DEBUG_INFORMATION_FORMAT = "dwarf-with-dsym";
				DEFINES_MODULE = YES;
				DEVELOPMENT_TEAM = Z8L4G5WZR3;
				ENABLE_NS_ASSERTIONS = NO;
				ENABLE_STRICT_OBJC_MSGSEND = YES;
				GCC_C_LANGUAGE_STANDARD = gnu11;
				GCC_NO_COMMON_BLOCKS = YES;
				GCC_WARN_64_TO_32_BIT_CONVERSION = YES;
				GCC_WARN_ABOUT_RETURN_TYPE = YES_ERROR;
				GCC_WARN_UNDECLARED_SELECTOR = YES;
				GCC_WARN_UNINITIALIZED_AUTOS = YES_AGGRESSIVE;
				GCC_WARN_UNUSED_FUNCTION = YES;
				GCC_WARN_UNUSED_VARIABLE = YES;
				INFOPLIST_FILE = "Storefront iOSTests/Info.plist";
				IPHONEOS_DEPLOYMENT_TARGET = 10.0;
				LD_RUNPATH_SEARCH_PATHS = (
					"$(inherited)",
					"@executable_path/Frameworks",
					"@loader_path/Frameworks",
				);
				MTL_ENABLE_DEBUG_INFO = NO;
				MTL_FAST_MATH = YES;
				PRODUCT_BUNDLE_IDENTIFIER = "com.spacenation.Storefront-iOSTests";
				PRODUCT_NAME = "$(TARGET_NAME)";
				SDKROOT = iphoneos;
				SWIFT_COMPILATION_MODE = wholemodule;
				SWIFT_OPTIMIZATION_LEVEL = "-O";
				SWIFT_VERSION = 4.2;
				TARGETED_DEVICE_FAMILY = "1,2";
				VALIDATE_PRODUCT = YES;
			};
			name = Release;
		};
		E1CEC28E22088CEB00D4905C /* Debug */ = {
			isa = XCBuildConfiguration;
			buildSettings = {
				ALWAYS_SEARCH_USER_PATHS = NO;
				CLANG_ANALYZER_NONNULL = YES;
				CLANG_ANALYZER_NUMBER_OBJECT_CONVERSION = YES_AGGRESSIVE;
				CLANG_CXX_LANGUAGE_STANDARD = "gnu++14";
				CLANG_CXX_LIBRARY = "libc++";
				CLANG_ENABLE_MODULES = YES;
				CLANG_ENABLE_OBJC_ARC = YES;
				CLANG_ENABLE_OBJC_WEAK = YES;
				CLANG_WARN_BLOCK_CAPTURE_AUTORELEASING = YES;
				CLANG_WARN_BOOL_CONVERSION = YES;
				CLANG_WARN_COMMA = YES;
				CLANG_WARN_CONSTANT_CONVERSION = YES;
				CLANG_WARN_DEPRECATED_OBJC_IMPLEMENTATIONS = YES;
				CLANG_WARN_DIRECT_OBJC_ISA_USAGE = YES_ERROR;
				CLANG_WARN_DOCUMENTATION_COMMENTS = YES;
				CLANG_WARN_EMPTY_BODY = YES;
				CLANG_WARN_ENUM_CONVERSION = YES;
				CLANG_WARN_INFINITE_RECURSION = YES;
				CLANG_WARN_INT_CONVERSION = YES;
				CLANG_WARN_NON_LITERAL_NULL_CONVERSION = YES;
				CLANG_WARN_OBJC_IMPLICIT_RETAIN_SELF = YES;
				CLANG_WARN_OBJC_LITERAL_CONVERSION = YES;
				CLANG_WARN_OBJC_ROOT_CLASS = YES_ERROR;
				CLANG_WARN_RANGE_LOOP_ANALYSIS = YES;
				CLANG_WARN_STRICT_PROTOTYPES = YES;
				CLANG_WARN_SUSPICIOUS_MOVE = YES;
				CLANG_WARN_UNGUARDED_AVAILABILITY = YES_AGGRESSIVE;
				CLANG_WARN_UNREACHABLE_CODE = YES;
				CLANG_WARN__DUPLICATE_METHOD_MATCH = YES;
				CODE_SIGN_IDENTITY = "Mac Developer";
				CODE_SIGN_STYLE = Automatic;
				COMBINE_HIDPI_IMAGES = YES;
				COPY_PHASE_STRIP = NO;
				DEBUG_INFORMATION_FORMAT = dwarf;
				DEFINES_MODULE = YES;
				DEVELOPMENT_TEAM = Z8L4G5WZR3;
				ENABLE_STRICT_OBJC_MSGSEND = YES;
				ENABLE_TESTABILITY = YES;
				GCC_C_LANGUAGE_STANDARD = gnu11;
				GCC_DYNAMIC_NO_PIC = NO;
				GCC_NO_COMMON_BLOCKS = YES;
				GCC_OPTIMIZATION_LEVEL = 0;
				GCC_PREPROCESSOR_DEFINITIONS = (
					"DEBUG=1",
					"$(inherited)",
				);
				GCC_WARN_64_TO_32_BIT_CONVERSION = YES;
				GCC_WARN_ABOUT_RETURN_TYPE = YES_ERROR;
				GCC_WARN_UNDECLARED_SELECTOR = YES;
				GCC_WARN_UNINITIALIZED_AUTOS = YES_AGGRESSIVE;
				GCC_WARN_UNUSED_FUNCTION = YES;
				GCC_WARN_UNUSED_VARIABLE = YES;
				INFOPLIST_FILE = "Storefront macOSTests/Info.plist";
				LD_RUNPATH_SEARCH_PATHS = (
					"$(inherited)",
					"@executable_path/../Frameworks",
					"@loader_path/../Frameworks",
				);
				MACOSX_DEPLOYMENT_TARGET = 10.11;
				MTL_ENABLE_DEBUG_INFO = INCLUDE_SOURCE;
				MTL_FAST_MATH = YES;
				ONLY_ACTIVE_ARCH = YES;
				PRODUCT_BUNDLE_IDENTIFIER = "com.spacenation.Storefront-macOSTests";
				PRODUCT_NAME = "$(TARGET_NAME)";
				SDKROOT = macosx;
				SWIFT_ACTIVE_COMPILATION_CONDITIONS = DEBUG;
				SWIFT_OPTIMIZATION_LEVEL = "-Onone";
				SWIFT_VERSION = 4.2;
			};
			name = Debug;
		};
		E1CEC28F22088CEB00D4905C /* Release */ = {
			isa = XCBuildConfiguration;
			buildSettings = {
				ALWAYS_SEARCH_USER_PATHS = NO;
				CLANG_ANALYZER_NONNULL = YES;
				CLANG_ANALYZER_NUMBER_OBJECT_CONVERSION = YES_AGGRESSIVE;
				CLANG_CXX_LANGUAGE_STANDARD = "gnu++14";
				CLANG_CXX_LIBRARY = "libc++";
				CLANG_ENABLE_MODULES = YES;
				CLANG_ENABLE_OBJC_ARC = YES;
				CLANG_ENABLE_OBJC_WEAK = YES;
				CLANG_WARN_BLOCK_CAPTURE_AUTORELEASING = YES;
				CLANG_WARN_BOOL_CONVERSION = YES;
				CLANG_WARN_COMMA = YES;
				CLANG_WARN_CONSTANT_CONVERSION = YES;
				CLANG_WARN_DEPRECATED_OBJC_IMPLEMENTATIONS = YES;
				CLANG_WARN_DIRECT_OBJC_ISA_USAGE = YES_ERROR;
				CLANG_WARN_DOCUMENTATION_COMMENTS = YES;
				CLANG_WARN_EMPTY_BODY = YES;
				CLANG_WARN_ENUM_CONVERSION = YES;
				CLANG_WARN_INFINITE_RECURSION = YES;
				CLANG_WARN_INT_CONVERSION = YES;
				CLANG_WARN_NON_LITERAL_NULL_CONVERSION = YES;
				CLANG_WARN_OBJC_IMPLICIT_RETAIN_SELF = YES;
				CLANG_WARN_OBJC_LITERAL_CONVERSION = YES;
				CLANG_WARN_OBJC_ROOT_CLASS = YES_ERROR;
				CLANG_WARN_RANGE_LOOP_ANALYSIS = YES;
				CLANG_WARN_STRICT_PROTOTYPES = YES;
				CLANG_WARN_SUSPICIOUS_MOVE = YES;
				CLANG_WARN_UNGUARDED_AVAILABILITY = YES_AGGRESSIVE;
				CLANG_WARN_UNREACHABLE_CODE = YES;
				CLANG_WARN__DUPLICATE_METHOD_MATCH = YES;
				CODE_SIGN_IDENTITY = "Mac Developer";
				CODE_SIGN_STYLE = Automatic;
				COMBINE_HIDPI_IMAGES = YES;
				COPY_PHASE_STRIP = NO;
				DEBUG_INFORMATION_FORMAT = "dwarf-with-dsym";
				DEFINES_MODULE = YES;
				DEVELOPMENT_TEAM = Z8L4G5WZR3;
				ENABLE_NS_ASSERTIONS = NO;
				ENABLE_STRICT_OBJC_MSGSEND = YES;
				GCC_C_LANGUAGE_STANDARD = gnu11;
				GCC_NO_COMMON_BLOCKS = YES;
				GCC_WARN_64_TO_32_BIT_CONVERSION = YES;
				GCC_WARN_ABOUT_RETURN_TYPE = YES_ERROR;
				GCC_WARN_UNDECLARED_SELECTOR = YES;
				GCC_WARN_UNINITIALIZED_AUTOS = YES_AGGRESSIVE;
				GCC_WARN_UNUSED_FUNCTION = YES;
				GCC_WARN_UNUSED_VARIABLE = YES;
				INFOPLIST_FILE = "Storefront macOSTests/Info.plist";
				LD_RUNPATH_SEARCH_PATHS = (
					"$(inherited)",
					"@executable_path/../Frameworks",
					"@loader_path/../Frameworks",
				);
				MACOSX_DEPLOYMENT_TARGET = 10.11;
				MTL_ENABLE_DEBUG_INFO = NO;
				MTL_FAST_MATH = YES;
				PRODUCT_BUNDLE_IDENTIFIER = "com.spacenation.Storefront-macOSTests";
				PRODUCT_NAME = "$(TARGET_NAME)";
				SDKROOT = macosx;
				SWIFT_COMPILATION_MODE = wholemodule;
				SWIFT_OPTIMIZATION_LEVEL = "-O";
				SWIFT_VERSION = 4.2;
			};
			name = Release;
		};
/* End XCBuildConfiguration section */

/* Begin XCConfigurationList section */
		E1CEC24F22088A2F00D4905C /* Build configuration list for PBXProject "Storefront" */ = {
			isa = XCConfigurationList;
			buildConfigurations = (
				E1CEC25022088A2F00D4905C /* Debug */,
				E1CEC25122088A2F00D4905C /* Release */,
			);
			defaultConfigurationIsVisible = 0;
			defaultConfigurationName = Release;
		};
		E1CEC25D22088AB200D4905C /* Build configuration list for PBXNativeTarget "Storefront iOS" */ = {
			isa = XCConfigurationList;
			buildConfigurations = (
				E1CEC25E22088AB200D4905C /* Debug */,
				E1CEC25F22088AB200D4905C /* Release */,
			);
			defaultConfigurationIsVisible = 0;
			defaultConfigurationName = Release;
		};
		E1CEC26A22088AFA00D4905C /* Build configuration list for PBXNativeTarget "Storefront macOS" */ = {
			isa = XCConfigurationList;
			buildConfigurations = (
				E1CEC26B22088AFA00D4905C /* Debug */,
				E1CEC26C22088AFA00D4905C /* Release */,
			);
			defaultConfigurationIsVisible = 0;
			defaultConfigurationName = Release;
		};
		E1CEC27E22088CBA00D4905C /* Build configuration list for PBXNativeTarget "Storefront iOSTests" */ = {
			isa = XCConfigurationList;
			buildConfigurations = (
				E1CEC27F22088CBA00D4905C /* Debug */,
				E1CEC28022088CBA00D4905C /* Release */,
			);
			defaultConfigurationIsVisible = 0;
			defaultConfigurationName = Release;
		};
		E1CEC28D22088CEB00D4905C /* Build configuration list for PBXNativeTarget "Storefront macOSTests" */ = {
			isa = XCConfigurationList;
			buildConfigurations = (
				E1CEC28E22088CEB00D4905C /* Debug */,
				E1CEC28F22088CEB00D4905C /* Release */,
			);
			defaultConfigurationIsVisible = 0;
			defaultConfigurationName = Release;
		};
/* End XCConfigurationList section */
	};
	rootObject = E1CEC24C22088A2F00D4905C /* Project object */;
}
